{
  "name": "cappy",
  "version": "0.1.0",
  "lockfileVersion": 3,
  "requires": true,
  "packages": {
    "": {
      "name": "cappy",
      "version": "0.1.0",
      "license": "WTFPL",
      "dependencies": {
        "@dagrejs/dagre": "^3.1.1",
        "js-yaml": "^4.1.0"
      },
      "bin": {
        "cappy": "run.js"
      },
      "engines": {
        "node": ">=20"
      }
    },
    "node_modules/@dagrejs/dagre": {
      "version": "3.1.1",
      "resolved": "https://registry.npmjs.org/@dagrejs/dagre/-/dagre-3.1.1.tgz",
      "integrity": "sha512-zroZB1dFOFiGgv4Xcrn1DckB1o4aOikPqD2NDQPV0WM//CXGcS6xiD0rNkqHmw6FEg4tabt4nxPLwgCWT+Vb2A==",
      "license": "MIT",
      "dependencies": {
        "@dagrejs/graphlib": "4.0.5"
      }
    },
    "node_modules/@dagrejs/graphlib": {
      "version": "4.0.5",
      "resolved": "https://registry.npmjs.org/@dagrejs/graphlib/-/graphlib-4.0.5.tgz",
      "integrity": "sha512-7xrBTqIts3o+PMUZX97wSc+7TUbW+/rULzGNCTP6yooNVDXbzw4Wutg/H/xOutTB/c/k0YqOAavgPh4/Zk9PFA==",
      "license": "MIT"
    },
    "node_modules/argparse": {
      "version": "2.0.1",
      "resolved": "https://registry.npmjs.org/argparse/-/argparse-2.0.1.tgz",
      "integrity": "sha512-8+9WqebbFzpX9OR+Wa6O29asIogeRMzcGtAINdpMHHyAg10f05aSFVBbcEqGf/PXw1EjAZ+q2/bEBg3DvurK3Q==",
      "license": "Python-2.0"
    },
    "node_modules/js-yaml": {
      "version": "4.3.2",
      "resolved": "https://registry.npmjs.org/js-yaml/-/js-yaml-4.3.2.tgz",
      "integrity": "sha512-SFNOvSJ+Dgf/9An904Yx+CgSlIPCkIpao4qo51lpee25TIRejdH3rhR4EZMGoNx3/TP3O+wzWuiTFl4sqbltzA==",
      "funding": [
        {
          "type": "github",
          "url": "https://github.com/sponsors/puzrin"
        },
        {
          "type": "github",
          "url": "https://github.com/sponsors/nodeca"
        }
      ],
      "license": "MIT",
      "dependencies": {
        "argparse": "^2.0.1"
      },
      "bin": {
        "js-yaml": "bin/js-yaml.js"
      }
    }
  }
}
